# This file is automatically @generated by Cargo.
# It is not intended for manual editing.
version = 4

[[package]]
name = "noble-cli"
version = "0.0.0"
dependencies = [
 "noble-contracts",
 "noble-kernel",
 "noble-wasm",
]

[[package]]
name = "noble-contracts"
version = "0.0.0"
dependencies = [
 "noble-kernel",
]

[[package]]
name = "noble-kernel"
version = "0.0.0"

[[package]]
name = "noble-syndicate"
version = "0.0.0"
dependencies = [
 "noble-kernel",
]

[[package]]
name = "noble-wasm"
version = "0.0.0"
dependencies = [
 "noble-contracts",
 "noble-kernel",
]
